<?xml version="1.0" encoding="utf-8"?>
<Project ToolsVersion="4.0" xmlns="http://schemas.microsoft.com/developer/msbuild/2003">
  <ItemGroup>
    <ClCompile Include="camera.cpp">
      <Filter>Sources</Filter>
    </ClCompile>
    <ClCompile Include="controller.cpp">
      <Filter>Sources</Filter>
    </ClCompile>
    <ClCompile Include="graphics.cpp">
      <Filter>Sources</Filter>
    </ClCompile>
    <ClCompile Include="game.cpp">
      <Filter>Sources</Filter>
    </ClCompile>
    <ClCompile Include="illumination.cpp">
      <Filter>Sources</Filter>
    </ClCompile>
    <ClCompile Include="main.cpp">
      <Filter>Sources</Filter>
    </ClCompile>
    <ClCompile Include="material.cpp">
      <Filter>Sources</Filter>
    </ClCompile>
    <ClCompile Include="physics.cpp">
      <Filter>Sources</Filter>
    </ClCompile>
    <ClCompile Include="world.cpp">
      <Filter>Sources</Filter>
    </ClCompile>
  </ItemGroup>
  <ItemGroup>
    <ClInclude Include="material.h">
      <Filter>Headers</Filter>
    </ClInclude>
    <ClInclude Include="point.h">
      <Filter>Headers</Filter>
    </ClInclude>
    <ClInclude Include="physics.h">
      <Filter>Headers</Filter>
    </ClInclude>
    <ClInclude Include="world.h">
      <Filter>Headers</Filter>
    </ClInclude>
    <ClInclude Include="graphics.h">
      <Filter>Headers</Filter>
    </ClInclude>
    <ClInclude Include="game.h">
      <Filter>Headers</Filter>
    </ClInclude>
    <ClInclude Include="common.h">
      <Filter>Headers</Filter>
    </ClInclude>
    <ClInclude Include="color.h">
      <Filter>Headers</Filter>
    </ClInclude>
    <ClInclude Include="camera.h">
      <Filter>Headers</Filter>
    </ClInclude>
    <ClInclude Include="garbage_collector.h">
      <Filter>Headers</Filter>
    </ClInclude>
    <ClInclude Include="illumination.h">
      <Filter>Headers</Filter>
    </ClInclude>
    <ClInclude Include="controller.h">
      <Filter>Headers</Filter>
    </ClInclude>
  </ItemGroup>
  <ItemGroup>
    <CopyFileToFolders Include="Bus.mtl">
      <Filter>Models</Filter>
    </CopyFileToFolders>
    <CopyFileToFolders Include="Bus.obj">
      <Filter>Models</Filter>
    </CopyFileToFolders>
    <CopyFileToFolders Include="Car.mtl">
      <Filter>Models</Filter>
    </CopyFileToFolders>
    <CopyFileToFolders Include="Car.obj">
      <Filter>Models</Filter>
    </CopyFileToFolders>
    <CopyFileToFolders Include="Gun.mtl">
      <Filter>Models</Filter>
    </CopyFileToFolders>
    <CopyFileToFolders Include="Gun.obj">
      <Filter>Models</Filter>
    </CopyFileToFolders>
    <CopyFileToFolders Include="lantern.obj">
      <Filter>Models</Filter>
    </CopyFileToFolders>
    <CopyFileToFolders Include="lantern.mtl">
      <Filter>Models</Filter>
    </CopyFileToFolders>
    <CopyFileToFolders Include="Tank.obj">
      <Filter>Models</Filter>
    </CopyFileToFolders>
    <CopyFileToFolders Include="Tank.mtl">
      <Filter>Models</Filter>
    </CopyFileToFolders>
    <CopyFileToFolders Include="floor_148.jpg">
      <Filter>Textures</Filter>
    </CopyFileToFolders>
    <CopyFileToFolders Include="ball.jpg">
      <Filter>Textures</Filter>
    </CopyFileToFolders>
    <CopyFileToFolders Include="blak-yellow.jpg">
      <Filter>Textures</Filter>
    </CopyFileToFolders>
    <CopyFileToFolders Include="flowers.jpg">
      <Filter>Textures</Filter>
    </CopyFileToFolders>
    <CopyFileToFolders Include="glass.jpg">
      <Filter>Textures</Filter>
    </CopyFileToFolders>
    <CopyFileToFolders Include="golden-glitter.jpg">
      <Filter>Textures</Filter>
    </CopyFileToFolders>
    <CopyFileToFolders Include="golden-green.jpg">
      <Filter>Textures</Filter>
    </CopyFileToFolders>
    <CopyFileToFolders Include="santa.jpg">
      <Filter>Textures</Filter>
    </CopyFileToFolders>
    <CopyFileToFolders Include="xmas.jpg">
      <Filter>Textures</Filter>
    </CopyFileToFolders>
    <CopyFileToFolders Include="tree.jpg">
      <Filter>Textures</Filter>
    </CopyFileToFolders>
    <CopyFileToFolders Include="star.mtl">
      <Filter>Models</Filter>
    </CopyFileToFolders>
    <CopyFileToFolders Include="star.obj">
      <Filter>Models</Filter>
    </CopyFileToFolders>
    <CopyFileToFolders Include="snowman.mtl">
      <Filter>Models</Filter>
    </CopyFileToFolders>
    <CopyFileToFolders Include="snowman.obj">
      <Filter>Models</Filter>
    </CopyFileToFolders>
  </ItemGroup>
  <ItemGroup>
    <None Include="packages.config" />
  </ItemGroup>
  <ItemGroup>
    <Filter Include="Headers">
      <UniqueIdentifier>{85e447cd-5a0f-4e10-bdcf-8cefe37593f1}</UniqueIdentifier>
    </Filter>
    <Filter Include="Sources">
      <UniqueIdentifier>{621916be-c848-4086-bc32-ac741b238965}</UniqueIdentifier>
    </Filter>
    <Filter Include="Models">
      <UniqueIdentifier>{48c892ab-4150-486b-b6ee-546076b6e7bc}</UniqueIdentifier>
    </Filter>
    <Filter Include="Textures">
      <UniqueIdentifier>{9d674649-f0d4-4661-941e-d238888825b7}</UniqueIdentifier>
    </Filter>
  </ItemGroup>
</Project>